
Microsoft Visual Studio Solution File, Format Version 12.00
# Visual Studio 14
VisualStudioVersion = 14.0.25420.1
MinimumVisualStudioVersion = 10.0.40219.1
Project("{FAE04EC0-301F-11D3-BF4B-00C04F79EFBC}") = "Akka.Persistence.Marten", "Akka.Persistence.Marten\Akka.Persistence.Marten.csproj", "{55C51615-C3C9-4EB6-B68C-BA8AB13ECBEC}"
EndProject
Project("{FAE04EC0-301F-11D3-BF4B-00C04F79EFBC}") = "Akka.Persistence.Marten.Tests", "Akka.Persistence.Marten.Tests\Akka.Persistence.Marten.Tests.csproj", "{F2B17A3F-EA3D-4F89-98E7-A10E8CAAFAB0}"
EndProject
Global
	GlobalSection(SolutionConfigurationPlatforms) = preSolution
		Debug|Any CPU = Debug|Any CPU
		Release|Any CPU = Release|Any CPU
	EndGlobalSection
	GlobalSection(ProjectConfigurationPlatforms) = postSolution
		{55C51615-C3C9-4EB6-B68C-BA8AB13ECBEC}.Debug|Any CPU.ActiveCfg = Debug|Any CPU
		{55C51615-C3C9-4EB6-B68C-BA8AB13ECBEC}.Debug|Any CPU.Build.0 = Debug|Any CPU
		{55C51615-C3C9-4EB6-B68C-BA8AB13ECBEC}.Release|Any CPU.ActiveCfg = Release|Any CPU
		{55C51615-C3C9-4EB6-B68C-BA8AB13ECBEC}.Release|Any CPU.Build.0 = Release|Any CPU
		{F2B17A3F-EA3D-4F89-98E7-A10E8CAAFAB0}.Debug|Any CPU.ActiveCfg = Debug|Any CPU
		{F2B17A3F-EA3D-4F89-98E7-A10E8CAAFAB0}.Debug|Any CPU.Build.0 = Debug|Any CPU
		{F2B17A3F-EA3D-4F89-98E7-A10E8CAAFAB0}.Release|Any CPU.ActiveCfg = Release|Any CPU
		{F2B17A3F-EA3D-4F89-98E7-A10E8CAAFAB0}.Release|Any CPU.Build.0 = Release|Any CPU
	EndGlobalSection
	GlobalSection(SolutionProperties) = preSolution
		HideSolutionNode = FALSE
	EndGlobalSection
EndGlobal
